<Project ToolsVersion="4.0" xmlns="http://schemas.microsoft.com/developer/msbuild/2003">
  <ItemGroup>
    <Filter Include="Application">
      <UniqueIdentifier>{0d846e0b-9d04-4141-83db-4277da1da826}</UniqueIdentifier>
    </Filter>
    <Filter Include="Application\Camera">
      <UniqueIdentifier>{4229cca0-51b9-4315-bbbf-3d86e506fe0a}</UniqueIdentifier>
    </Filter>
    <Filter Include="Application\Light">
      <UniqueIdentifier>{86dcb6bd-f52c-4b75-b3b1-3efe21f9b5d7}</UniqueIdentifier>
    </Filter>
    <Filter Include="Application\Player">
      <UniqueIdentifier>{ce755995-4689-4d0d-84c3-661e24754cc7}</UniqueIdentifier>
    </Filter>
	<Filter Include="Application\GameCamera">
	  <UniqueIdentifier>{395e17da-4b62-4f75-b5f6-e628bfeb8b5c}</UniqueIdentifier>
	</Filter>
    <Filter Include="Application\Scene">
      <UniqueIdentifier>{223a4067-9209-4765-ac4c-cce8c2c67a60}</UniqueIdentifier>
    </Filter>
    <Filter Include="Application\Scene\Register">
      <UniqueIdentifier>{01636691-389b-4c33-8895-e67f0d27714b}</UniqueIdentifier>
    </Filter>
    <Filter Include="Application\Scene\Transition">
      <UniqueIdentifier>{e4a44b89-668f-46e4-a870-f3f9d9b5d3eb}</UniqueIdentifier>
    </Filter>
    <Filter Include="EngineSource">
      <UniqueIdentifier>{f8ed931d-59ae-469c-b602-a18b3d78668e}</UniqueIdentifier>
    </Filter>
    <Filter Include="EngineSource\2D">
      <UniqueIdentifier>{e5e2a663-8a28-4be5-89a1-87407c560983}</UniqueIdentifier>
    </Filter>
    <Filter Include="EngineSource\3D">
      <UniqueIdentifier>{e4d31992-6bd4-4dc3-8c15-9c25baa137ff}</UniqueIdentifier>
    </Filter>
    <Filter Include="EngineSource\3D\Animation">
      <UniqueIdentifier>{ec08e742-1118-4e01-a243-3cf69072df02}</UniqueIdentifier>
    </Filter>
    <Filter Include="EngineSource\3D\Camera">
      <UniqueIdentifier>{63525197-af08-4d6b-8f8f-8a15877ea2ca}</UniqueIdentifier>
    </Filter>
    <Filter Include="EngineSource\3D\Light">
      <UniqueIdentifier>{6091a118-8bc8-493c-b051-b2a5d64cc459}</UniqueIdentifier>
    </Filter>
    <Filter Include="EngineSource\3D\Material">
      <UniqueIdentifier>{7036ea6d-ebaf-430f-9dc6-0ba15341b0dd}</UniqueIdentifier>
    </Filter>
    <Filter Include="EngineSource\3D\Model">
      <UniqueIdentifier>{f3e0f723-1c73-41e0-aa97-5afa875f7885}</UniqueIdentifier>
    </Filter>
    <Filter Include="EngineSource\3D\Model\ParticleSystem">
      <UniqueIdentifier>{4cd41f59-4a28-419d-a31a-3ec7df84571b}</UniqueIdentifier>
    </Filter>
    <Filter Include="EngineSource\3D\Renderer">
      <UniqueIdentifier>{3a959f26-8eb8-4fa6-ad91-dbd6fe2ab1df}</UniqueIdentifier>
    </Filter>
    <Filter Include="EngineSource\3D\Transform">
      <UniqueIdentifier>{f6cd7937-c202-48be-ae6a-78c0cc32a479}</UniqueIdentifier>
    </Filter>
    <Filter Include="EngineSource\Audio">
      <UniqueIdentifier>{7b7aa0c9-2e21-476e-8b0e-799dab442831}</UniqueIdentifier>
    </Filter>
    <Filter Include="EngineSource\Collision">
      <UniqueIdentifier>{3555f651-a451-4b23-9c73-cf0846e29946}</UniqueIdentifier>
    </Filter>
    <Filter Include="EngineSource\Common">
      <UniqueIdentifier>{ed8d47c8-de19-4831-9f78-eba0e651f635}</UniqueIdentifier>
    </Filter>
    <Filter Include="EngineSource\Core">
      <UniqueIdentifier>{c4e81f31-bb30-42f3-b132-f71ddbf56046}</UniqueIdentifier>
    </Filter>
    <Filter Include="EngineSource\Core\System">
      <UniqueIdentifier>{e5063f74-a5e6-4a71-a6bd-98aa3ca6e31a}</UniqueIdentifier>
    </Filter>
    <Filter Include="EngineSource\Editor">
      <UniqueIdentifier>{b9f8ea0f-3062-4774-a2ca-6bd5b3c63676}</UniqueIdentifier>
    </Filter>
    <Filter Include="EngineSource\Editor\EditorMenu">
      <UniqueIdentifier>{7e502acf-d5ce-4952-8ff3-a91ff25e89f9}</UniqueIdentifier>
    </Filter>
    <Filter Include="EngineSource\Editor\Windows">
      <UniqueIdentifier>{0a0acaeb-13fb-42a7-882a-2d478a89c441}</UniqueIdentifier>
    </Filter>
    <Filter Include="EngineSource\Graphics">
      <UniqueIdentifier>{ba95de96-75dd-4588-a240-4473c32c255c}</UniqueIdentifier>
    </Filter>
    <Filter Include="EngineSource\Graphics\Buffers">
      <UniqueIdentifier>{bac217a9-0289-4872-9d04-5f0c46fa36a9}</UniqueIdentifier>
    </Filter>
    <Filter Include="EngineSource\Graphics\ComputePSO">
      <UniqueIdentifier>{5754f6ae-4df5-467a-af5f-3cac36e5cb7f}</UniqueIdentifier>
    </Filter>
    <Filter Include="EngineSource\Graphics\Core">
      <UniqueIdentifier>{71d3fa78-da38-48c2-8079-bd4d28e32122}</UniqueIdentifier>
    </Filter>
    <Filter Include="EngineSource\Graphics\DirectX">
      <UniqueIdentifier>{64f32899-8ec5-446c-bcd3-6ce6c570251e}</UniqueIdentifier>
    </Filter>
    <Filter Include="EngineSource\Graphics\DirectX\Memory">
      <UniqueIdentifier>{8b189c19-ea78-4a99-8c2d-853bbaece249}</UniqueIdentifier>
    </Filter>
    <Filter Include="EngineSource\Graphics\PostProcess">
      <UniqueIdentifier>{f6004321-5a44-4ba1-a9e4-bdb8303bebc7}</UniqueIdentifier>
    </Filter>
    <Filter Include="EngineSource\Graphics\PSO">
      <UniqueIdentifier>{74d18742-14f0-4a2d-9346-f4f7d5f8d474}</UniqueIdentifier>
    </Filter>
    <Filter Include="EngineSource\Graphics\PSO\Core">
      <UniqueIdentifier>{3842a678-e2b5-416e-8ccb-0cf4dc68fb4d}</UniqueIdentifier>
    </Filter>
    <Filter Include="EngineSource\Graphics\PSO\PostProcess">
      <UniqueIdentifier>{86c6d4c8-a8a7-4d74-b90a-73bd4ce1480c}</UniqueIdentifier>
    </Filter>
    <Filter Include="EngineSource\Graphics\PSO\Raytracing">
      <UniqueIdentifier>{4d24e090-80b2-4cd3-9e93-bbb54ac879b0}</UniqueIdentifier>
    </Filter>
    <Filter Include="EngineSource\Graphics\RenderPass">
      <UniqueIdentifier>{d5d94dd7-6fd4-41e6-8d04-20b20d8a43b8}</UniqueIdentifier>
    </Filter>
    <Filter Include="EngineSource\Graphics\Resources">
      <UniqueIdentifier>{c86f8efc-93f4-4a5c-93dd-7370c6204739}</UniqueIdentifier>
    </Filter>
    <Filter Include="EngineSource\Graphics\Texture">
      <UniqueIdentifier>{c2216b34-5704-4236-9a47-52c5bf389c0b}</UniqueIdentifier>
    </Filter>
    <Filter Include="EngineSource\Input">
      <UniqueIdentifier>{28ab7eba-3c17-4b9f-be07-173f093f4663}</UniqueIdentifier>
    </Filter>
    <Filter Include="EngineSource\Math">
      <UniqueIdentifier>{364de057-7894-4e23-b23f-dad777a02775}</UniqueIdentifier>
    </Filter>
    <Filter Include="EngineSource\Scene">
      <UniqueIdentifier>{204d9efa-0880-43c7-adc2-b436901866ef}</UniqueIdentifier>
    </Filter>
    <Filter Include="Externals">
      <UniqueIdentifier>{9500b59a-79f0-47d5-aea3-ed2d6c305b58}</UniqueIdentifier>
    </Filter>
    <Filter Include="Externals\assimp">
      <UniqueIdentifier>{fc6c61b8-ad60-4565-9398-0a5ba4c46f16}</UniqueIdentifier>
    </Filter>
    <Filter Include="Externals\assimp\include">
      <UniqueIdentifier>{d05bb077-4b4b-49e2-a1ca-644899e438c2}</UniqueIdentifier>
    </Filter>
    <Filter Include="Externals\assimp\include\assimp">
      <UniqueIdentifier>{aa545741-868d-49c3-8bbe-4f81807ff1b9}</UniqueIdentifier>
    </Filter>
    <Filter Include="Externals\assimp\include\assimp\Compiler">
      <UniqueIdentifier>{c0bba9f0-7727-4b97-b9a3-203d5e0029de}</UniqueIdentifier>
    </Filter>
    <Filter Include="Externals\assimp\include\assimp\port">
      <UniqueIdentifier>{6dc8b83c-99db-43b8-9c55-1a5c20fe9f04}</UniqueIdentifier>
    </Filter>
    <Filter Include="Externals\assimp\include\assimp\port\AndroidJNI">
      <UniqueIdentifier>{b28c6a7e-f5fb-447d-93ef-b72ae9cb027e}</UniqueIdentifier>
    </Filter>
    <Filter Include="Externals\DirectXTex">
      <UniqueIdentifier>{2e2e4dd1-7d72-4e44-b3e2-6dac0acc3a5a}</UniqueIdentifier>
    </Filter>
    <Filter Include="Externals\imgui">
      <UniqueIdentifier>{be5bdb07-f108-4547-9e43-0f8bbca2c0fb}</UniqueIdentifier>
    </Filter>
    <Filter Include="Externals\nlohmann">
      <UniqueIdentifier>{5f6af7f5-bd4a-4213-ad12-200b1dbefd87}</UniqueIdentifier>
    </Filter>
  </ItemGroup>
  <ItemGroup>
    <ClCompile Include="main.cpp" />
    <ClCompile Include="Application\Scene\GameScene.cpp">
      <Filter>Application\Scene</Filter>
    </ClCompile>
    <ClCompile Include="Application\Scene\Transition\Fade.cpp">
      <Filter>Application\Scene\Transition</Filter>
    </ClCompile>
    <ClCompile Include="EngineSource\2D\ImGuiManager.cpp">
      <Filter>EngineSource\2D</Filter>
    </ClCompile>
    <ClCompile Include="EngineSource\2D\Sprite.cpp">
      <Filter>EngineSource\2D</Filter>
    </ClCompile>
    <ClCompile Include="EngineSource\2D\SpriteRenderer.cpp">
      <Filter>EngineSource\2D</Filter>
    </ClCompile>
    <ClCompile Include="EngineSource\3D\Animation\AnimationManager.cpp">
      <Filter>EngineSource\3D\Animation</Filter>
    </ClCompile>
    <ClCompile Include="EngineSource\3D\Animation\Animator.cpp">
      <Filter>EngineSource\3D\Animation</Filter>
    </ClCompile>
    <ClCompile Include="EngineSource\3D\Camera\Camera.cpp">
      <Filter>EngineSource\3D\Camera</Filter>
    </ClCompile>
    <ClCompile Include="EngineSource\3D\Camera\DebugCamera.cpp">
      <Filter>EngineSource\3D\Camera</Filter>
    </ClCompile>
    <ClCompile Include="EngineSource\3D\Light\DirectionalLight.cpp">
      <Filter>EngineSource\3D\Light</Filter>
    </ClCompile>
    <ClCompile Include="EngineSource\3D\Light\LightManager.cpp">
      <Filter>EngineSource\3D\Light</Filter>
    </ClCompile>
    <ClCompile Include="EngineSource\3D\Light\PointLight.cpp">
      <Filter>EngineSource\3D\Light</Filter>
    </ClCompile>
    <ClCompile Include="EngineSource\3D\Light\SpotLight.cpp">
      <Filter>EngineSource\3D\Light</Filter>
    </ClCompile>
    <ClCompile Include="EngineSource\3D\Material\Material.cpp">
      <Filter>EngineSource\3D\Material</Filter>
    </ClCompile>
    <ClCompile Include="EngineSource\3D\Model\Mesh.cpp">
      <Filter>EngineSource\3D\Model</Filter>
    </ClCompile>
    <ClCompile Include="EngineSource\3D\Model\Model.cpp">
      <Filter>EngineSource\3D\Model</Filter>
    </ClCompile>
    <ClCompile Include="EngineSource\3D\Model\ModelComponent.cpp">
      <Filter>EngineSource\3D\Model</Filter>
    </ClCompile>
    <ClCompile Include="EngineSource\3D\Model\ModelLoader.cpp">
      <Filter>EngineSource\3D\Model</Filter>
    </ClCompile>
    <ClCompile Include="EngineSource\3D\Model\ModelManager.cpp">
      <Filter>EngineSource\3D\Model</Filter>
    </ClCompile>
    <ClCompile Include="EngineSource\3D\ParticleSystem\ParticleBehavior.cpp">
      <Filter>EngineSource\3D\Model\ParticleSystem</Filter>
    </ClCompile>
    <ClCompile Include="EngineSource\3D\Renderer\DebugRenderer.cpp">
      <Filter>EngineSource\3D\Renderer</Filter>
    </ClCompile>
    <ClCompile Include="EngineSource\3D\Renderer\ModelRenderer.cpp">
      <Filter>EngineSource\3D\Renderer</Filter>
    </ClCompile>
    <ClCompile Include="EngineSource\3D\Transform\WorldTransform.cpp">
      <Filter>EngineSource\3D\Transform</Filter>
    </ClCompile>
    <ClCompile Include="EngineSource\3D\Transform\WorldTransforms.cpp">
      <Filter>EngineSource\3D\Transform</Filter>
    </ClCompile>
    <ClCompile Include="EngineSource\Audio\AudioManager.cpp">
      <Filter>EngineSource\Audio</Filter>
    </ClCompile>
    <ClCompile Include="EngineSource\Collision\Collider.cpp">
      <Filter>EngineSource\Collision</Filter>
    </ClCompile>
    <ClCompile Include="EngineSource\Collision\CollisionManager.cpp">
      <Filter>EngineSource\Collision</Filter>
    </ClCompile>
    <ClCompile Include="EngineSource\Collision\CollisionUtils.cpp">
      <Filter>EngineSource\Collision</Filter>
    </ClCompile>
    <ClCompile Include="EngineSource\Common\CreateBufferResource.cpp">
      <Filter>EngineSource\Common</Filter>
    </ClCompile>
    <ClCompile Include="EngineSource\Common\LogManager.cpp">
      <Filter>EngineSource\Common</Filter>
    </ClCompile>
    <ClCompile Include="EngineSource\Core\Engine.cpp">
      <Filter>EngineSource\Core</Filter>
    </ClCompile>
    <ClCompile Include="EngineSource\Core\FPSCounter.cpp">
      <Filter>EngineSource\Core</Filter>
    </ClCompile>
    <ClCompile Include="EngineSource\Core\GameObjectManager.cpp">
      <Filter>EngineSource\Core</Filter>
    </ClCompile>
    <ClCompile Include="EngineSource\Core\IGameObject.cpp">
      <Filter>EngineSource\Core</Filter>
    </ClCompile>
    <ClCompile Include="EngineSource\Core\WindowsApp.cpp">
      <Filter>EngineSource\Core</Filter>
    </ClCompile>
    <ClCompile Include="EngineSource\Core\System\CoreSubsystem.cpp">
      <Filter>EngineSource\Core\System</Filter>
    </ClCompile>
    <ClCompile Include="EngineSource\Core\System\EditorSubsystem.cpp">
      <Filter>EngineSource\Core\System</Filter>
    </ClCompile>
    <ClCompile Include="EngineSource\Core\System\GraphicsSubsystem.cpp">
      <Filter>EngineSource\Core\System</Filter>
    </ClCompile>
    <ClCompile Include="EngineSource\Core\System\InputSubsystem.cpp">
      <Filter>EngineSource\Core\System</Filter>
    </ClCompile>
    <ClCompile Include="EngineSource\Core\System\ResourceSubsystem.cpp">
      <Filter>EngineSource\Core\System</Filter>
    </ClCompile>
    <ClCompile Include="EngineSource\Core\System\SceneSubsystem.cpp">
      <Filter>EngineSource\Core\System</Filter>
    </ClCompile>
    <ClCompile Include="EngineSource\Editor\DebugParameter.cpp">
      <Filter>EngineSource\Editor</Filter>
    </ClCompile>
    <ClCompile Include="EngineSource\Editor\EditorCore.cpp">
      <Filter>EngineSource\Editor</Filter>
    </ClCompile>
    <ClCompile Include="EngineSource\Editor\GameParamEditor.cpp">
      <Filter>EngineSource\Editor</Filter>
    </ClCompile>
    <ClCompile Include="EngineSource\Editor\JsonSerializer.cpp">
      <Filter>EngineSource\Editor</Filter>
    </ClCompile>
    <ClCompile Include="EngineSource\Editor\EditorMenu\EditorLayout.cpp">
      <Filter>EngineSource\Editor\EditorMenu</Filter>
    </ClCompile>
    <ClCompile Include="EngineSource\Editor\EditorMenu\EditorMenuBar.cpp">
      <Filter>EngineSource\Editor\EditorMenu</Filter>
    </ClCompile>
    <ClCompile Include="EngineSource\Editor\EditorMenu\EditorToolBar.cpp">
      <Filter>EngineSource\Editor\EditorMenu</Filter>
    </ClCompile>
    <ClCompile Include="EngineSource\Editor\EditorMenu\EditorWindowManager.cpp">
      <Filter>EngineSource\Editor\EditorMenu</Filter>
    </ClCompile>
    <ClCompile Include="EngineSource\Editor\EditorMenu\SceneMenuBar.cpp">
      <Filter>EngineSource\Editor\EditorMenu</Filter>
    </ClCompile>
    <ClCompile Include="EngineSource\Editor\EditorMenu\ViewOptionsBar.cpp">
      <Filter>EngineSource\Editor\EditorMenu</Filter>
    </ClCompile>
    <ClCompile Include="EngineSource\Editor\Windows\AssetWindow.cpp">
      <Filter>EngineSource\Editor\Windows</Filter>
    </ClCompile>
    <ClCompile Include="EngineSource\Editor\Windows\ConsoleWindow.cpp">
      <Filter>EngineSource\Editor\Windows</Filter>
    </ClCompile>
    <ClCompile Include="EngineSource\Editor\Windows\HierarchyWindow.cpp">
      <Filter>EngineSource\Editor\Windows</Filter>
    </ClCompile>
    <ClCompile Include="EngineSource\Editor\Windows\InspectorWindow.cpp">
      <Filter>EngineSource\Editor\Windows</Filter>
    </ClCompile>
    <ClCompile Include="EngineSource\Editor\Windows\PerformanceWindow.cpp">
      <Filter>EngineSource\Editor\Windows</Filter>
    </ClCompile>
    <ClCompile Include="EngineSource\Editor\Windows\SceneWIndow.cpp">
      <Filter>EngineSource\Editor\Windows</Filter>
    </ClCompile>
    <ClCompile Include="EngineSource\Graphics\FrameRateController.cpp">
      <Filter>EngineSource\Graphics</Filter>
    </ClCompile>
    <ClCompile Include="EngineSource\Graphics\Buffers\BLAS.cpp">
      <Filter>EngineSource\Graphics\Buffers</Filter>
    </ClCompile>
    <ClCompile Include="EngineSource\Graphics\Core\DXC.cpp">
      <Filter>EngineSource\Graphics\Core</Filter>
    </ClCompile>
    <ClCompile Include="EngineSource\Graphics\Core\GraphicsDevice.cpp">
      <Filter>EngineSource\Graphics\Core</Filter>
    </ClCompile>
    <ClCompile Include="EngineSource\Graphics\Core\RenderPipeline.cpp">
      <Filter>EngineSource\Graphics\Core</Filter>
    </ClCompile>
    <ClCompile Include="EngineSource\Graphics\Core\RenderQueue.cpp">
      <Filter>EngineSource\Graphics\Core</Filter>
    </ClCompile>
    <ClCompile Include="EngineSource\Graphics\Core\ResourceGarbageCollector.cpp">
      <Filter>EngineSource\Graphics\Core</Filter>
    </ClCompile>
    <ClCompile Include="EngineSource\Graphics\DirectX\DXCommand.cpp">
      <Filter>EngineSource\Graphics\DirectX</Filter>
    </ClCompile>
    <ClCompile Include="EngineSource\Graphics\DirectX\DXDebugger.cpp">
      <Filter>EngineSource\Graphics\DirectX</Filter>
    </ClCompile>
    <ClCompile Include="EngineSource\Graphics\DirectX\DXDepthStencil.cpp">
      <Filter>EngineSource\Graphics\DirectX</Filter>
    </ClCompile>
    <ClCompile Include="EngineSource\Graphics\DirectX\DXDevice.cpp">
      <Filter>EngineSource\Graphics\DirectX</Filter>
    </ClCompile>
    <ClCompile Include="EngineSource\Graphics\DirectX\DXFence.cpp">
      <Filter>EngineSource\Graphics\DirectX</Filter>
    </ClCompile>
    <ClCompile Include="EngineSource\Graphics\DirectX\DXRenderTarget.cpp">
      <Filter>EngineSource\Graphics\DirectX</Filter>
    </ClCompile>
    <ClCompile Include="EngineSource\Graphics\DirectX\DXSwapChain.cpp">
      <Filter>EngineSource\Graphics\DirectX</Filter>
    </ClCompile>
    <ClCompile Include="EngineSource\Graphics\DirectX\DXViewportState.cpp">
      <Filter>EngineSource\Graphics\DirectX</Filter>
    </ClCompile>
    <ClCompile Include="EngineSource\Graphics\DirectX\Memory\DsvManager.cpp">
      <Filter>EngineSource\Graphics\DirectX\Memory</Filter>
    </ClCompile>
    <ClCompile Include="EngineSource\Graphics\DirectX\Memory\RtvManager.cpp">
      <Filter>EngineSource\Graphics\DirectX\Memory</Filter>
    </ClCompile>
    <ClCompile Include="EngineSource\Graphics\DirectX\Memory\SrvManager.cpp">
      <Filter>EngineSource\Graphics\DirectX\Memory</Filter>
    </ClCompile>
    <ClCompile Include="EngineSource\Graphics\PostProcess\PostEffectData.cpp">
      <Filter>EngineSource\Graphics\PostProcess</Filter>
    </ClCompile>
    <ClCompile Include="EngineSource\Graphics\PostProcess\PostEffectManager.cpp">
      <Filter>EngineSource\Graphics\PostProcess</Filter>
    </ClCompile>
    <ClCompile Include="EngineSource\Graphics\PSO\Rasterize\BlendBuilder.cpp">
      <Filter>EngineSource\Graphics\PSO\Core</Filter>
    </ClCompile>
    <ClCompile Include="EngineSource\Graphics\PSO\Rasterize\InputLayoutBuilder.cpp">
      <Filter>EngineSource\Graphics\PSO\Core</Filter>
    </ClCompile>
    <ClCompile Include="EngineSource\Graphics\PSO\Core\PSOManager.cpp">
      <Filter>EngineSource\Graphics\PSO\Core</Filter>
    </ClCompile>
    <ClCompile Include="EngineSource\Graphics\PSO\Rasterize\RasterizerBuilder.cpp">
      <Filter>EngineSource\Graphics\PSO\Core</Filter>
    </ClCompile>
    <ClCompile Include="EngineSource\Graphics\PSO\Rasterize\ShaderCompiler.cpp">
      <Filter>EngineSource\Graphics\PSO\Core</Filter>
    </ClCompile>
    <ClCompile Include="EngineSource\Graphics\PSO\PostProcess\CopyPSO.cpp">
      <Filter>EngineSource\Graphics\PSO\PostProcess</Filter>
    </ClCompile>
    <ClCompile Include="EngineSource\Graphics\RenderPass\RenderPass.cpp">
      <Filter>EngineSource\Graphics\RenderPass</Filter>
    </ClCompile>
    <ClCompile Include="EngineSource\Graphics\RenderPass\RenderPassController.cpp">
      <Filter>EngineSource\Graphics\RenderPass</Filter>
    </ClCompile>
    <ClCompile Include="EngineSource\Graphics\RenderPass\RenderTexture.cpp">
      <Filter>EngineSource\Graphics\RenderPass</Filter>
    </ClCompile>
    <ClCompile Include="EngineSource\Graphics\RenderPass\RenderTextureManager.cpp">
      <Filter>EngineSource\Graphics\RenderPass</Filter>
    </ClCompile>
    <ClCompile Include="EngineSource\Graphics\Resources\GpuResource.cpp">
      <Filter>EngineSource\Graphics\Resources</Filter>
    </ClCompile>
    <ClCompile Include="EngineSource\Graphics\Resources\SrvResource.cpp">
      <Filter>EngineSource\Graphics\Resources</Filter>
    </ClCompile>
    <ClCompile Include="EngineSource\Graphics\Texture\Texture.cpp">
      <Filter>EngineSource\Graphics\Texture</Filter>
    </ClCompile>
    <ClCompile Include="EngineSource\Graphics\Texture\TextureLoader.cpp">
      <Filter>EngineSource\Graphics\Texture</Filter>
    </ClCompile>
    <ClCompile Include="EngineSource\Graphics\Texture\TextureManager.cpp">
      <Filter>EngineSource\Graphics\Texture</Filter>
    </ClCompile>
    <ClCompile Include="EngineSource\Input\InPut.cpp">
      <Filter>EngineSource\Input</Filter>
    </ClCompile>
    <ClCompile Include="EngineSource\Input\InputCommand.cpp">
      <Filter>EngineSource\Input</Filter>
    </ClCompile>
    <ClCompile Include="EngineSource\Math\EasingManager.cpp">
      <Filter>EngineSource\Math</Filter>
    </ClCompile>
    <ClCompile Include="EngineSource\Math\MyMath.cpp">
      <Filter>EngineSource\Math</Filter>
    </ClCompile>
    <ClCompile Include="EngineSource\Math\RandomGenerator.cpp">
      <Filter>EngineSource\Math</Filter>
    </ClCompile>
    <ClCompile Include="EngineSource\Scene\IScene.cpp">
      <Filter>EngineSource\Scene</Filter>
    </ClCompile>
    <ClCompile Include="EngineSource\Scene\SceneManager.cpp">
      <Filter>EngineSource\Scene</Filter>
    </ClCompile>
    <ClCompile Include="EngineSource\Scene\SceneTransition.cpp">
      <Filter>EngineSource\Scene</Filter>
    </ClCompile>
    <ClCompile Include="Externals\imgui\crude_json.cpp">
      <Filter>Externals\imgui</Filter>
    </ClCompile>
    <ClCompile Include="Externals\imgui\imgui.cpp">
      <Filter>Externals\imgui</Filter>
    </ClCompile>
    <ClCompile Include="Externals\imgui\ImGuizmo.cpp">
      <Filter>Externals\imgui</Filter>
    </ClCompile>
    <ClCompile Include="Externals\imgui\imgui_canvas.cpp">
      <Filter>Externals\imgui</Filter>
    </ClCompile>
    <ClCompile Include="Externals\imgui\imgui_demo.cpp">
      <Filter>Externals\imgui</Filter>
    </ClCompile>
    <ClCompile Include="Externals\imgui\imgui_draw.cpp">
      <Filter>Externals\imgui</Filter>
    </ClCompile>
    <ClCompile Include="Externals\imgui\imgui_impl_dx12.cpp">
      <Filter>Externals\imgui</Filter>
    </ClCompile>
    <ClCompile Include="Externals\imgui\imgui_impl_win32.cpp">
      <Filter>Externals\imgui</Filter>
    </ClCompile>
    <ClCompile Include="Externals\imgui\imgui_node_editor.cpp">
      <Filter>Externals\imgui</Filter>
    </ClCompile>
    <ClCompile Include="Externals\imgui\imgui_node_editor_api.cpp">
      <Filter>Externals\imgui</Filter>
    </ClCompile>
    <ClCompile Include="Externals\imgui\imgui_tables.cpp">
      <Filter>Externals\imgui</Filter>
    </ClCompile>
    <ClCompile Include="Externals\imgui\imgui_widgets.cpp">
      <Filter>Externals\imgui</Filter>
    </ClCompile>
    <ClCompile Include="EngineSource\Graphics\PSO\Core\RootSignatureBuilder.cpp" />
    <ClCompile Include="EngineSource\Graphics\PSO\Raytracing\RayLibShaderCompiler.cpp" />
    <ClCompile Include="EngineSource\Graphics\PSO\Raytracing\ShaderTableBuilder.cpp" />
    <ClCompile Include="EngineSource\Graphics\PSO\Raytracing\StateObjectBuilder.cpp" />
    <ClCompile Include="EngineSource\Graphics\PSO\Core\RaytracingPipeline.cpp" />
    <ClCompile Include="EngineSource\Graphics\Core\TLAS.cpp" />
    <ClCompile Include="EngineSource\Graphics\Core\BufferRefManager.cpp" />
    <ClCompile Include="EngineSource\Graphics\Resources\BufferRefResource.cpp" />
    <ClCompile Include="EngineSource\3D\Model\Skeleton.cpp" />
    <ClCompile Include="EngineSource\Graphics\Core\SceneRenderManager.cpp" />
    <ClCompile Include="EngineSource\3D\ParticleSystem\ModulesControl.cpp" />
    <ClCompile Include="Application\Scene\TestScene.cpp" />
    <ClCompile Include="Application\Utils\Timer.cpp" />
    <ClCompile Include="Application\Utils\TimeController.cpp" />
    <ClCompile Include="EngineSource\Core\StaticGameObject.cpp" />
    <ClCompile Include="EngineSource\Core\StaticGameObjectManager.cpp" />
    <ClCompile Include="EngineSource\Editor\EditorMenu\AddObjectBar.cpp" />
    <ClCompile Include="EngineSource\Editor\Command\EditorCommand.cpp" />
    <ClCompile Include="EngineSource\3D\ParticleSystem\ParticleEmitModules.cpp" />
    <ClCompile Include="EngineSource\3D\ParticleSystem\ParticleUpdateModules.cpp" />
    <ClCompile Include="EngineSource\3D\Material\IceMaterial.cpp" />
    <ClCompile Include="EngineSource\Editor\Windows\MaterialNodeWindow.cpp" />
    <ClCompile Include="EngineSource\Editor\NodeSystem\MaterialNode.cpp" />
    <ClCompile Include="EngineSource\Editor\NodeSystem\MaterialGraph.cpp" />
    <ClCompile Include="EngineSource\Editor\NodeSystem\MaterialShaderGenerator.cpp" />
    <ClCompile Include="EngineSource\3D\ParticleSystem\ParticleBehaviorGPU.cpp" />
    <ClCompile Include="EngineSource\3D\Fracture\FractureInstance.cpp" />
    <ClCompile Include="EngineSource\3D\Fracture\DestructibleObject.cpp" />
    <ClCompile Include="EngineSource\3D\Fracture\RuntimeMeshFracturer.cpp" />
    <ClCompile Include="EngineSource\3D\Fracture\FractureDamageController.cpp" />
	<ClCompile Include="Application\GameCamera\GameCamera.cpp">
	  <Filter>Application\GameCamera</Filter>
	</ClCompile>
    <ClCompile Include="EngineSource\Graphics\Debug\PixCapture.cpp" />
    <ClCompile Include="EngineSource\Editor\Windows\PixWindow.cpp" />
    <ClCompile Include="Application\Player\Player.cpp" />
    <ClCompile Include="Application\Player\PlayerStateMove.cpp" />
    <ClCompile Include="Application\Player\PlayerStateIdle.cpp" />
    <ClCompile Include="Application\Pikumi\Pikumi.cpp" />
    <ClCompile Include="Application\Field\Field.cpp" />
    <ClCompile Include="Application\Enemy\EnemyManager.cpp" />
    <ClCompile Include="Application\Enemy\Enemy.cpp" />
    <ClCompile Include="Application\Enemy\EnemyRenderer.cpp" />
    <ClCompile Include="Application\Utils\ShigeFunc.cpp" />
    <ClCompile Include="Application\Scene\TitleScene.cpp" />
    <ClCompile Include="Application\Scene\StageSelectScene.cpp" />
    <ClCompile Include="Application\Tower\Tower.cpp" />
    <ClCompile Include="Application\Field\ImpactDetectionEffect.cpp" />
  </ItemGroup>
  <ItemGroup>
    <ClInclude Include="Application\Scene\GameScene.h">
      <Filter>Application\Scene</Filter>
    </ClInclude>
    <ClInclude Include="Application\Scene\Register\SetUpScenes.h">
      <Filter>Application\Scene\Register</Filter>
    </ClInclude>
    <ClInclude Include="Application\Scene\Transition\Fade.h">
      <Filter>Application\Scene\Transition</Filter>
    </ClInclude>
    <ClInclude Include="EngineSource\2D\ImGuiManager.h">
      <Filter>EngineSource\2D</Filter>
    </ClInclude>
    <ClInclude Include="EngineSource\2D\Sprite.h">
      <Filter>EngineSource\2D</Filter>
    </ClInclude>
    <ClInclude Include="EngineSource\2D\SpriteRenderer.h">
      <Filter>EngineSource\2D</Filter>
    </ClInclude>
    <ClInclude Include="EngineSource\3D\Animation\AnimationData.h">
      <Filter>EngineSource\3D\Animation</Filter>
    </ClInclude>
    <ClInclude Include="EngineSource\3D\Animation\AnimationManager.h">
      <Filter>EngineSource\3D\Animation</Filter>
    </ClInclude>
    <ClInclude Include="EngineSource\3D\Animation\Animator.h">
      <Filter>EngineSource\3D\Animation</Filter>
    </ClInclude>
    <ClInclude Include="EngineSource\3D\Camera\Camera.h">
      <Filter>EngineSource\3D\Camera</Filter>
    </ClInclude>
    <ClInclude Include="EngineSource\3D\Camera\DebugCamera.h">
      <Filter>EngineSource\3D\Camera</Filter>
    </ClInclude>
    <ClInclude Include="EngineSource\3D\Light\DirectionalLight.h">
      <Filter>EngineSource\3D\Light</Filter>
    </ClInclude>
    <ClInclude Include="EngineSource\3D\Light\LightManager.h">
      <Filter>EngineSource\3D\Light</Filter>
    </ClInclude>
    <ClInclude Include="EngineSource\3D\Light\PointLight.h">
      <Filter>EngineSource\3D\Light</Filter>
    </ClInclude>
    <ClInclude Include="EngineSource\3D\Light\SpotLight.h">
      <Filter>EngineSource\3D\Light</Filter>
    </ClInclude>
    <ClInclude Include="EngineSource\3D\Material\Material.h">
      <Filter>EngineSource\3D\Material</Filter>
    </ClInclude>
    <ClInclude Include="EngineSource\3D\Model\Mesh.h">
      <Filter>EngineSource\3D\Model</Filter>
    </ClInclude>
    <ClInclude Include="EngineSource\3D\Model\Model.h">
      <Filter>EngineSource\3D\Model</Filter>
    </ClInclude>
    <ClInclude Include="EngineSource\3D\Model\ModelComponent.h">
      <Filter>EngineSource\3D\Model</Filter>
    </ClInclude>
    <ClInclude Include="EngineSource\3D\Model\ModelLoader.h">
      <Filter>EngineSource\3D\Model</Filter>
    </ClInclude>
    <ClInclude Include="EngineSource\3D\Model\ModelManager.h">
      <Filter>EngineSource\3D\Model</Filter>
    </ClInclude>
    <ClInclude Include="EngineSource\3D\Model\VertexData.h">
      <Filter>EngineSource\3D\Model</Filter>
    </ClInclude>
    <ClInclude Include="EngineSource\3D\ParticleSystem\ParticleBehavior.h">
      <Filter>EngineSource\3D\Model\ParticleSystem</Filter>
    </ClInclude>
    <ClInclude Include="EngineSource\3D\ParticleSystem\ParticleData.h">
      <Filter>EngineSource\3D\Model\ParticleSystem</Filter>
    </ClInclude>
    <ClInclude Include="EngineSource\3D\Renderer\DebugRenderer.h">
      <Filter>EngineSource\3D\Renderer</Filter>
    </ClInclude>
    <ClInclude Include="EngineSource\3D\Renderer\ModelRenderer.h">
      <Filter>EngineSource\3D\Renderer</Filter>
    </ClInclude>
    <ClInclude Include="EngineSource\3D\Transform\WorldTransform.h">
      <Filter>EngineSource\3D\Transform</Filter>
    </ClInclude>
    <ClInclude Include="EngineSource\3D\Transform\WorldTransforms.h">
      <Filter>EngineSource\3D\Transform</Filter>
    </ClInclude>
    <ClInclude Include="EngineSource\Audio\AudioManager.h">
      <Filter>EngineSource\Audio</Filter>
    </ClInclude>
    <ClInclude Include="EngineSource\Collision\Collider.h">
      <Filter>EngineSource\Collision</Filter>
    </ClInclude>
    <ClInclude Include="EngineSource\Collision\ColliderInfo.h">
      <Filter>EngineSource\Collision</Filter>
    </ClInclude>
    <ClInclude Include="Application\CollisionConfig.h">
      <Filter>EngineSource\Collision</Filter>
    </ClInclude>
    <ClInclude Include="EngineSource\Collision\CollisionManager.h">
      <Filter>EngineSource\Collision</Filter>
    </ClInclude>
    <ClInclude Include="EngineSource\Collision\CollisionResult.h">
      <Filter>EngineSource\Collision</Filter>
    </ClInclude>
    <ClInclude Include="EngineSource\Collision\CollisionUtils.h">
      <Filter>EngineSource\Collision</Filter>
    </ClInclude>
    <ClInclude Include="EngineSource\Collision\CollisionVisitor.h">
      <Filter>EngineSource\Collision</Filter>
    </ClInclude>
    <ClInclude Include="EngineSource\Collision\UserData.h">
      <Filter>EngineSource\Collision</Filter>
    </ClInclude>
    <ClInclude Include="EngineSource\Common\ConvertString.h">
      <Filter>EngineSource\Common</Filter>
    </ClInclude>
    <ClInclude Include="EngineSource\Common\CrashHandle.h">
      <Filter>EngineSource\Common</Filter>
    </ClInclude>
    <ClInclude Include="EngineSource\Common\CreateBufferResource.h">
      <Filter>EngineSource\Common</Filter>
    </ClInclude>
    <ClInclude Include="EngineSource\Common\DepthStencilTexture.h">
      <Filter>EngineSource\Common</Filter>
    </ClInclude>
    <ClInclude Include="EngineSource\Common\DescriptorHandle.h">
      <Filter>EngineSource\Common</Filter>
    </ClInclude>
    <ClInclude Include="EngineSource\Common\DescriptorHeap.h">
      <Filter>EngineSource\Common</Filter>
    </ClInclude>
    <ClInclude Include="EngineSource\Common\LogManager.h">
      <Filter>EngineSource\Common</Filter>
    </ClInclude>
    <ClInclude Include="EngineSource\Common\ResourceLeakChecker.h">
      <Filter>EngineSource\Common</Filter>
    </ClInclude>
    <ClInclude Include="EngineSource\Core\Engine.h">
      <Filter>EngineSource\Core</Filter>
    </ClInclude>
    <ClInclude Include="EngineSource\Core\EngineContext.h">
      <Filter>EngineSource\Core</Filter>
    </ClInclude>
    <ClInclude Include="EngineSource\Core\FPSCounter.h">
      <Filter>EngineSource\Core</Filter>
    </ClInclude>
    <ClInclude Include="EngineSource\Core\GameObjectManager.h">
      <Filter>EngineSource\Core</Filter>
    </ClInclude>
    <ClInclude Include="EngineSource\Core\IEngineSubsystem.h">
      <Filter>EngineSource\Core</Filter>
    </ClInclude>
    <ClInclude Include="EngineSource\Core\IGameObject.h">
      <Filter>EngineSource\Core</Filter>
    </ClInclude>
    <ClInclude Include="EngineSource\Core\SubsystemRegistry.h">
      <Filter>EngineSource\Core</Filter>
    </ClInclude>
    <ClInclude Include="EngineSource\Core\WindowsApp.h">
      <Filter>EngineSource\Core</Filter>
    </ClInclude>
    <ClInclude Include="EngineSource\Core\System\CoreSubsystem.h">
      <Filter>EngineSource\Core\System</Filter>
    </ClInclude>
    <ClInclude Include="EngineSource\Core\System\EditorSubsystem.h">
      <Filter>EngineSource\Core\System</Filter>
    </ClInclude>
    <ClInclude Include="EngineSource\Core\System\GraphicsSubsystem.h">
      <Filter>EngineSource\Core\System</Filter>
    </ClInclude>
    <ClInclude Include="EngineSource\Core\System\InputSubsystem.h">
      <Filter>EngineSource\Core\System</Filter>
    </ClInclude>
    <ClInclude Include="EngineSource\Core\System\ResourceSubsystem.h">
      <Filter>EngineSource\Core\System</Filter>
    </ClInclude>
    <ClInclude Include="EngineSource\Core\System\SceneSubsystem.h">
      <Filter>EngineSource\Core\System</Filter>
    </ClInclude>
    <ClInclude Include="EngineSource\Editor\DebugParameter.h">
      <Filter>EngineSource\Editor</Filter>
    </ClInclude>
    <ClInclude Include="EngineSource\Editor\EditorCore.h">
      <Filter>EngineSource\Editor</Filter>
    </ClInclude>
    <ClInclude Include="EngineSource\Editor\GameParamEditor.h">
      <Filter>EngineSource\Editor</Filter>
    </ClInclude>
    <ClInclude Include="EngineSource\Editor\JsonSerializer.h">
      <Filter>EngineSource\Editor</Filter>
    </ClInclude>
    <ClInclude Include="EngineSource\Editor\EditorMenu\EditorLayout.h">
      <Filter>EngineSource\Editor\EditorMenu</Filter>
    </ClInclude>
    <ClInclude Include="EngineSource\Editor\EditorMenu\EditorMenuBar.h">
      <Filter>EngineSource\Editor\EditorMenu</Filter>
    </ClInclude>
    <ClInclude Include="EngineSource\Editor\EditorMenu\EditorToolBar.h">
      <Filter>EngineSource\Editor\EditorMenu</Filter>
    </ClInclude>
    <ClInclude Include="EngineSource\Editor\EditorMenu\EditorWindowManager.h">
      <Filter>EngineSource\Editor\EditorMenu</Filter>
    </ClInclude>
    <ClInclude Include="EngineSource\Editor\EditorMenu\SceneMenuBar.h">
      <Filter>EngineSource\Editor\EditorMenu</Filter>
    </ClInclude>
    <ClInclude Include="EngineSource\Editor\EditorMenu\ViewOptionsBar.h">
      <Filter>EngineSource\Editor\EditorMenu</Filter>
    </ClInclude>
    <ClInclude Include="EngineSource\Editor\Windows\AssetWindow.h">
      <Filter>EngineSource\Editor\Windows</Filter>
    </ClInclude>
    <ClInclude Include="EngineSource\Editor\Windows\ConsoleWindow.h">
      <Filter>EngineSource\Editor\Windows</Filter>
    </ClInclude>
    <ClInclude Include="EngineSource\Editor\Windows\HierarchyWindow.h">
      <Filter>EngineSource\Editor\Windows</Filter>
    </ClInclude>
    <ClInclude Include="EngineSource\Editor\Windows\IEditorWindow.h">
      <Filter>EngineSource\Editor\Windows</Filter>
    </ClInclude>
    <ClInclude Include="EngineSource\Editor\Windows\InspectorWindow.h">
      <Filter>EngineSource\Editor\Windows</Filter>
    </ClInclude>
    <ClInclude Include="EngineSource\Editor\Windows\PerformanceWindow.h">
      <Filter>EngineSource\Editor\Windows</Filter>
    </ClInclude>
    <ClInclude Include="EngineSource\Editor\Windows\SceneWIndow.h">
      <Filter>EngineSource\Editor\Windows</Filter>
    </ClInclude>
    <ClInclude Include="EngineSource\Graphics\FrameRateController.h">
      <Filter>EngineSource\Graphics</Filter>
    </ClInclude>
    <ClInclude Include="EngineSource\Graphics\Buffers\BLAS.h">
      <Filter>EngineSource\Graphics\Buffers</Filter>
    </ClInclude>
    <ClInclude Include="EngineSource\Graphics\Buffers\ConstantBuffer.h">
      <Filter>EngineSource\Graphics\Buffers</Filter>
    </ClInclude>
    <ClInclude Include="EngineSource\Graphics\Buffers\IndexBuffer.h">
      <Filter>EngineSource\Graphics\Buffers</Filter>
    </ClInclude>
    <ClInclude Include="EngineSource\Graphics\Buffers\StructuredBuffer.h">
      <Filter>EngineSource\Graphics\Buffers</Filter>
    </ClInclude>
    <ClInclude Include="EngineSource\Graphics\Buffers\VertexBuffer.h">
      <Filter>EngineSource\Graphics\Buffers</Filter>
    </ClInclude>
    <ClInclude Include="EngineSource\Graphics\Core\DescriptorCounts.h">
      <Filter>EngineSource\Graphics\Core</Filter>
    </ClInclude>
    <ClInclude Include="EngineSource\Graphics\Core\DrawRequest.h">
      <Filter>EngineSource\Graphics\Core</Filter>
    </ClInclude>
    <ClInclude Include="EngineSource\Graphics\Core\DXC.h">
      <Filter>EngineSource\Graphics\Core</Filter>
    </ClInclude>
    <ClInclude Include="EngineSource\Graphics\Core\GraphicsDevice.h">
      <Filter>EngineSource\Graphics\Core</Filter>
    </ClInclude>
    <ClInclude Include="EngineSource\Graphics\Core\RenderPipeline.h">
      <Filter>EngineSource\Graphics\Core</Filter>
    </ClInclude>
    <ClInclude Include="EngineSource\Graphics\Core\RenderQueue.h">
      <Filter>EngineSource\Graphics\Core</Filter>
    </ClInclude>
    <ClInclude Include="EngineSource\Graphics\Core\ResourceGarbageCollector.h">
      <Filter>EngineSource\Graphics\Core</Filter>
    </ClInclude>
    <ClInclude Include="EngineSource\Graphics\DirectX\DXCommand.h">
      <Filter>EngineSource\Graphics\DirectX</Filter>
    </ClInclude>
    <ClInclude Include="EngineSource\Graphics\DirectX\DXDebugger.h">
      <Filter>EngineSource\Graphics\DirectX</Filter>
    </ClInclude>
    <ClInclude Include="EngineSource\Graphics\DirectX\DXDepthStencil.h">
      <Filter>EngineSource\Graphics\DirectX</Filter>
    </ClInclude>
    <ClInclude Include="EngineSource\Graphics\DirectX\DXDevice.h">
      <Filter>EngineSource\Graphics\DirectX</Filter>
    </ClInclude>
    <ClInclude Include="EngineSource\Graphics\DirectX\DXFence.h">
      <Filter>EngineSource\Graphics\DirectX</Filter>
    </ClInclude>
    <ClInclude Include="EngineSource\Graphics\DirectX\DXRenderTarget.h">
      <Filter>EngineSource\Graphics\DirectX</Filter>
    </ClInclude>
    <ClInclude Include="EngineSource\Graphics\DirectX\DXSwapChain.h">
      <Filter>EngineSource\Graphics\DirectX</Filter>
    </ClInclude>
    <ClInclude Include="EngineSource\Graphics\DirectX\DXViewportState.h">
      <Filter>EngineSource\Graphics\DirectX</Filter>
    </ClInclude>
    <ClInclude Include="EngineSource\Graphics\DirectX\Memory\DsvManager.h">
      <Filter>EngineSource\Graphics\DirectX\Memory</Filter>
    </ClInclude>
    <ClInclude Include="EngineSource\Graphics\DirectX\Memory\RtvManager.h">
      <Filter>EngineSource\Graphics\DirectX\Memory</Filter>
    </ClInclude>
    <ClInclude Include="EngineSource\Graphics\DirectX\Memory\SrvManager.h">
      <Filter>EngineSource\Graphics\DirectX\Memory</Filter>
    </ClInclude>
    <ClInclude Include="EngineSource\Graphics\PostProcess\IPostEffect.h">
      <Filter>EngineSource\Graphics\PostProcess</Filter>
    </ClInclude>
    <ClInclude Include="EngineSource\Graphics\PostProcess\PostEffectData.h">
      <Filter>EngineSource\Graphics\PostProcess</Filter>
    </ClInclude>
    <ClInclude Include="EngineSource\Graphics\PostProcess\PostEffectManager.h">
      <Filter>EngineSource\Graphics\PostProcess</Filter>
    </ClInclude>
    <ClInclude Include="EngineSource\Graphics\PSO\Rasterize\BlendBuilder.h">
      <Filter>EngineSource\Graphics\PSO\Core</Filter>
    </ClInclude>
    <ClInclude Include="EngineSource\Graphics\PSO\Core\BlendMode.h">
      <Filter>EngineSource\Graphics\PSO\Core</Filter>
    </ClInclude>
    <ClInclude Include="EngineSource\Graphics\PSO\Core\DrawPSOData.h">
      <Filter>EngineSource\Graphics\PSO\Core</Filter>
    </ClInclude>
    <ClInclude Include="EngineSource\Graphics\PSO\Rasterize\InputLayoutBuilder.h">
      <Filter>EngineSource\Graphics\PSO\Core</Filter>
    </ClInclude>
    <ClInclude Include="EngineSource\Graphics\PSO\Core\PSOManager.h">
      <Filter>EngineSource\Graphics\PSO\Core</Filter>
    </ClInclude>
    <ClInclude Include="EngineSource\Graphics\PSO\Rasterize\RasterizerBuilder.h">
      <Filter>EngineSource\Graphics\PSO\Core</Filter>
    </ClInclude>
    <ClInclude Include="EngineSource\Graphics\PSO\Rasterize\ShaderCompiler.h">
      <Filter>EngineSource\Graphics\PSO\Core</Filter>
    </ClInclude>
    <ClInclude Include="EngineSource\Graphics\PSO\PostProcess\CopyPSO.h">
      <Filter>EngineSource\Graphics\PSO\PostProcess</Filter>
    </ClInclude>
    <ClInclude Include="EngineSource\Graphics\RenderPass\RenderPass.h">
      <Filter>EngineSource\Graphics\RenderPass</Filter>
    </ClInclude>
    <ClInclude Include="EngineSource\Graphics\RenderPass\RenderPassController.h">
      <Filter>EngineSource\Graphics\RenderPass</Filter>
    </ClInclude>
    <ClInclude Include="EngineSource\Graphics\RenderPass\RenderTexture.h">
      <Filter>EngineSource\Graphics\RenderPass</Filter>
    </ClInclude>
    <ClInclude Include="EngineSource\Graphics\RenderPass\RenderTextureManager.h">
      <Filter>EngineSource\Graphics\RenderPass</Filter>
    </ClInclude>
    <ClInclude Include="EngineSource\Graphics\Resources\GpuResource.h">
      <Filter>EngineSource\Graphics\Resources</Filter>
    </ClInclude>
    <ClInclude Include="EngineSource\Graphics\Resources\SrvResource.h">
      <Filter>EngineSource\Graphics\Resources</Filter>
    </ClInclude>
    <ClInclude Include="EngineSource\Graphics\Texture\Texture.h">
      <Filter>EngineSource\Graphics\Texture</Filter>
    </ClInclude>
    <ClInclude Include="EngineSource\Graphics\Texture\TextureLoader.h">
      <Filter>EngineSource\Graphics\Texture</Filter>
    </ClInclude>
    <ClInclude Include="EngineSource\Graphics\Texture\TextureManager.h">
      <Filter>EngineSource\Graphics\Texture</Filter>
    </ClInclude>
    <ClInclude Include="EngineSource\Input\InPut.h">
      <Filter>EngineSource\Input</Filter>
    </ClInclude>
    <ClInclude Include="EngineSource\Input\InputCommand.h">
      <Filter>EngineSource\Input</Filter>
    </ClInclude>
    <ClInclude Include="EngineSource\Math\EasingManager.h">
      <Filter>EngineSource\Math</Filter>
    </ClInclude>
    <ClInclude Include="EngineSource\Math\Geometry.h">
      <Filter>EngineSource\Math</Filter>
    </ClInclude>
    <ClInclude Include="EngineSource\Math\Matrix4x4.h">
      <Filter>EngineSource\Math</Filter>
    </ClInclude>
    <ClInclude Include="EngineSource\Math\MyMath.h">
      <Filter>EngineSource\Math</Filter>
    </ClInclude>
    <ClInclude Include="EngineSource\Math\Quaternion.h">
      <Filter>EngineSource\Math</Filter>
    </ClInclude>
    <ClInclude Include="EngineSource\Math\RandomGenerator.h">
      <Filter>EngineSource\Math</Filter>
    </ClInclude>
    <ClInclude Include="EngineSource\Math\Range.h">
      <Filter>EngineSource\Math</Filter>
    </ClInclude>
    <ClInclude Include="EngineSource\Math\Transform.h">
      <Filter>EngineSource\Math</Filter>
    </ClInclude>
    <ClInclude Include="EngineSource\Math\TransformationMatrix.h">
      <Filter>EngineSource\Math</Filter>
    </ClInclude>
    <ClInclude Include="EngineSource\Math\Vector2.h">
      <Filter>EngineSource\Math</Filter>
    </ClInclude>
    <ClInclude Include="EngineSource\Math\Vector3.h">
      <Filter>EngineSource\Math</Filter>
    </ClInclude>
    <ClInclude Include="EngineSource\Math\Vector4.h">
      <Filter>EngineSource\Math</Filter>
    </ClInclude>
    <ClInclude Include="EngineSource\Scene\IScene.h">
      <Filter>EngineSource\Scene</Filter>
    </ClInclude>
    <ClInclude Include="EngineSource\Scene\ITransitionEffect.h">
      <Filter>EngineSource\Scene</Filter>
    </ClInclude>
    <ClInclude Include="EngineSource\Scene\SceneChangeRequest.h">
      <Filter>EngineSource\Scene</Filter>
    </ClInclude>
    <ClInclude Include="EngineSource\Scene\SceneManager.h">
      <Filter>EngineSource\Scene</Filter>
    </ClInclude>
    <ClInclude Include="EngineSource\Scene\SceneRegistry.h">
      <Filter>EngineSource\Scene</Filter>
    </ClInclude>
    <ClInclude Include="EngineSource\Scene\SceneTransition.h">
      <Filter>EngineSource\Scene</Filter>
    </ClInclude>
    <ClInclude Include="Externals\imgui\crude_json.h">
      <Filter>Externals\imgui</Filter>
    </ClInclude>
    <ClInclude Include="Externals\imgui\imconfig.h">
      <Filter>Externals\imgui</Filter>
    </ClInclude>
    <ClInclude Include="Externals\imgui\imgui.h">
      <Filter>Externals\imgui</Filter>
    </ClInclude>
    <ClInclude Include="Externals\imgui\ImGuizmo.h">
      <Filter>Externals\imgui</Filter>
    </ClInclude>
    <ClInclude Include="Externals\imgui\imgui_bezier_math.h">
      <Filter>Externals\imgui</Filter>
    </ClInclude>
    <ClInclude Include="Externals\imgui\imgui_canvas.h">
      <Filter>Externals\imgui</Filter>
    </ClInclude>
    <ClInclude Include="Externals\imgui\imgui_extra_math.h">
      <Filter>Externals\imgui</Filter>
    </ClInclude>
    <ClInclude Include="Externals\imgui\imgui_impl_dx12.h">
      <Filter>Externals\imgui</Filter>
    </ClInclude>
    <ClInclude Include="Externals\imgui\imgui_impl_win32.h">
      <Filter>Externals\imgui</Filter>
    </ClInclude>
    <ClInclude Include="Externals\imgui\imgui_internal.h">
      <Filter>Externals\imgui</Filter>
    </ClInclude>
    <ClInclude Include="Externals\imgui\imgui_node_editor.h">
      <Filter>Externals\imgui</Filter>
    </ClInclude>
    <ClInclude Include="Externals\imgui\imgui_node_editor_internal.h">
      <Filter>Externals\imgui</Filter>
    </ClInclude>
    <ClInclude Include="Externals\imgui\imstb_rectpack.h">
      <Filter>Externals\imgui</Filter>
    </ClInclude>
    <ClInclude Include="Externals\imgui\imstb_textedit.h">
      <Filter>Externals\imgui</Filter>
    </ClInclude>
    <ClInclude Include="Externals\imgui\imstb_truetype.h">
      <Filter>Externals\imgui</Filter>
    </ClInclude>
    <ClInclude Include="EngineSource\Graphics\PSO\Core\RootSignatureBuilder.h" />
    <ClInclude Include="EngineSource\Graphics\PSO\Raytracing\RayLibShaderCompiler.h" />
    <ClInclude Include="EngineSource\Graphics\PSO\Raytracing\ShaderRecord.h" />
    <ClInclude Include="EngineSource\Graphics\PSO\Raytracing\ShaderTable.h" />
    <ClInclude Include="EngineSource\Graphics\PSO\Raytracing\ShaderTableBuilder.h" />
    <ClInclude Include="EngineSource\Graphics\PSO\Raytracing\StateObjectBuilder.h" />
    <ClInclude Include="EngineSource\Graphics\PSO\Core\RaytracingPipeline.h" />
    <ClInclude Include="EngineSource\Graphics\Core\TLAS.h" />
    <ClInclude Include="EngineSource\Graphics\Core\BufferRefManager.h" />
    <ClInclude Include="EngineSource\Graphics\Resources\BufferRefResource.h" />
    <ClInclude Include="EngineSource\3D\Model\Skeleton.h" />
    <ClInclude Include="EngineSource\Graphics\Core\SceneRenderManager.h" />
    <ClInclude Include="EngineSource\Graphics\Buffers\RefBuffer.h" />
    <ClInclude Include="EngineSource\3D\ParticleSystem\ParticleModules.h" />
    <ClInclude Include="EngineSource\3D\ParticleSystem\ModulesControl.h" />
    <ClInclude Include="Application\Scene\TestScene.h" />
    <ClInclude Include="Application\Utils\Timer.h" />
    <ClInclude Include="Application\Utils\TimeController.h" />
    <ClInclude Include="EngineSource\Core\StaticGameObject.h" />
    <ClInclude Include="EngineSource\Core\StaticGameObjectManager.h" />
    <ClInclude Include="EngineSource\Editor\EditorMenu\AddObjectBar.h" />
    <ClInclude Include="EngineSource\Editor\IEditorCommand.h" />
    <ClInclude Include="EngineSource\Editor\Command\EditorCommand.h" />
    <ClInclude Include="EngineSource\Editor\Command\EditorCommandHistory.h" />
    <ClInclude Include="EngineSource\3D\ParticleSystem\ParticleEmitModules.h" />
    <ClInclude Include="EngineSource\3D\ParticleSystem\ParticleUpdateModules.h" />
    <ClInclude Include="EngineSource\3D\Material\IceMaterial.h" />
    <ClInclude Include="EngineSource\Editor\NodeSystem\MaterialGraph.h" />
    <ClInclude Include="EngineSource\Editor\Windows\MaterialNodeWindow.h" />
    <ClInclude Include="EngineSource\Editor\NodeSystem\MaterialNode.h" />
    <ClInclude Include="EngineSource\Editor\NodeSystem\MaterialShaderGenerator.h" />
    <ClInclude Include="EngineSource\3D\ParticleSystem\ParticleBehaviorGPU.h" />
    <ClInclude Include="EngineSource\3D\Fracture\FractureData.h" />
    <ClInclude Include="EngineSource\Graphics\Buffers\PackedGeometryBuffer.h" />
    <ClInclude Include="EngineSource\3D\Fracture\FractureInstance.h" />
    <ClInclude Include="EngineSource\Graphics\Buffers\RuntimeFractureBuffer.h" />
    <ClInclude Include="EngineSource\3D\Fracture\DestructibleObject.h" />
    <ClInclude Include="EngineSource\3D\Fracture\RuntimeMeshFracturer.h" />
    <ClInclude Include="EngineSource\3D\Fracture\FractureBreakState.h" />
    <ClInclude Include="EngineSource\3D\Fracture\FractureDamageController.h" />
    <ClInclude Include="EngineSource\Graphics\Debug\DebugName.h" />
    <ClInclude Include="EngineSource\Graphics\Debug\PixCapture.h" />
	<ClInclude Include="Application\GameCamera\GameCamera.h">
	  <Filter>Application\GameCamera</Filter>
	</ClInclude>
    <ClInclude Include="EngineSource\Graphics\Debug\PixMarker.h" />
    <ClInclude Include="EngineSource\Editor\Windows\PixWindow.h" />
    <ClInclude Include="Application\Player\Player.h" />
    <ClInclude Include="Application\Player\IPlayerState.h" />
    <ClInclude Include="Application\Player\PlayerStateMove.h" />
    <ClInclude Include="Application\Player\PlayerStateIdle.h" />
    <ClInclude Include="Application\Pikumi\Pikumi.h" />
    <ClInclude Include="Application\Field\Field.h" />
    <ClInclude Include="Application\Enemy\EnemyManager.h" />
    <ClInclude Include="Application\Enemy\Enemy.h" />
    <ClInclude Include="Application\Enemy\EnemyRenderer.h" />
    <ClInclude Include="Application\Utils\ShigeFunc.h" />
    <ClInclude Include="Application\Scene\TitleScene.h" />
    <ClInclude Include="Application\Scene\StageSelectScene.h" />
    <ClInclude Include="Application\Tower\Tower.h" />
    <ClInclude Include="Application\Field\ImpactDetectionEffect.h" />
  </ItemGroup>
  <ItemGroup>
    <FxCompile Include="Resources\Shaders\Raytracing\RayGen.hlsl" />
    <FxCompile Include="Resources\Shaders\Raytracing\Miss.hlsl" />
    <FxCompile Include="Resources\Shaders\Raytracing\chsObject.hlsl" />
    <FxCompile Include="Resources\Shaders\CS\Skinning.CS.hlsl" />
    <FxCompile Include="Resources\Shaders\PostEffect\LightingComposite.PS.hlsl" />
    <FxCompile Include="Resources\Shaders\PostEffect\DepthCopy.PS.hlsl" />
    <FxCompile Include="Resources\Shaders\Rasterize\WBOITAccumulate.PS.hlsl" />
    <FxCompile Include="Resources\Shaders\PostEffect\WBOITResolve.PS.hlsl" />
    <FxCompile Include="Resources\Shaders\Rasterize\WBOITAccumulate.VS.hlsl" />
    <FxCompile Include="Resources\Shaders\Raytracing\ChsIceObject.hlsl" />
    <FxCompile Include="Resources\Shaders\PostEffect\OutLine\DepthOutLine.PS.hlsl" />
    <FxCompile Include="Resources\Shaders\PostEffect\Dissolve\Dissolve.PS.hlsl" />
    <FxCompile Include="Resources\Shaders\CS\ParticleUpdate.CS.hlsl" />
    <FxCompile Include="Resources\Shaders\PostEffect\Smoothing\Gauss5x5Vertical.PS.hlsl" />
    <FxCompile Include="Resources\Shaders\PostEffect\Smoothing\Gauss5x5Horizontal.PS.hlsl" />
    <FxCompile Include="Resources\Shaders\PostEffect\Bloom.PS.hlsl" />
    <FxCompile Include="Resources\Shaders\PostEffect\Smoothing\Gauss9x9Vertical.PS.hlsl" />
    <FxCompile Include="Resources\Shaders\PostEffect\Smoothing\Gauss9x9Horizontal.PS.hlsl" />
    <FxCompile Include="Resources\Shaders\Fracture.VS.hlsl" />
    <FxCompile Include="Resources\Shaders\Fracture.PS.hlsl" />
    <FxCompile Include="Resources\Shaders\PostEffect\ColorGrading.PS.hlsl" />
    <FxCompile Include="Resources\Shaders\IceFracture.PS.hlsl" />
  </ItemGroup>
  <ItemGroup>
    <Font Include="Externals\imgui\ProggyClean.ttf" />
  </ItemGroup>
  <ItemGroup>
    <None Include="Externals\imgui\imgui_bezier_math.inl" />
    <None Include="Externals\imgui\imgui_extra_math.inl" />
    <None Include="Externals\imgui\imgui_node_editor_internal.inl" />
    <None Include="Resources\Shaders\Raytracing\Common.hlsli" />
    <None Include="Resources\Shaders\Rasterize\WBOIT.hlsli" />
    <None Include="Resources\Shaders\NoiseUtils.hlsli" />
    <None Include="Resources\Shaders\RandomUtils.hlsli" />
    <None Include="Resources\Shaders\Fracture.hlsli" />
    <None Include="packages.config" />
  </ItemGroup>
  <ItemGroup>
    <Text Include="Externals\imgui\LICENSE.txt" />
  </ItemGroup>
</Project>
